{
    "requires": true,
    "lockfileVersion": 1,
    "dependencies": {
        "fsevents": {
            "version": "2.2.1",
            "resolved": "https://registry.npmjs.org/fsevents/-/fsevents-2.2.1.tgz",
            "integrity": "sha512-bTLYHSeC0UH/EFXS9KqWnXuOl/wHK5Z/d+ghd5AsFMYN7wIGkUCOJyzy88+wJKkZPGON8u4Z9f6U4FdgURE9qA==",
            "optional": true
        },
        "vue": {
            "version": "2.6.12",
            "resolved": "https://registry.npmjs.org/vue/-/vue-2.6.12.tgz",
            "integrity": "sha512-uhmLFETqPPNyuLLbsKz6ioJ4q7AZHzD8ZVFNATNyICSZouqP2Sz0rotWQC8UNBF6VGSCs5abnKJoStA6JbCbfg==",
            "dev": true
        }
    }
}
